<?xml version="1.0" encoding="utf-8"?>
<Project ToolsVersion="4.0" xmlns="http://schemas.microsoft.com/developer/msbuild/2003">
  <ItemGroup>
    <Filter Include="Исходные файлы">
      <UniqueIdentifier>{4FC737F1-C7A5-4376-A066-2A32D752A2FF}</UniqueIdentifier>
      <Extensions>cpp;c;cc;cxx;def;odl;idl;hpj;bat;asm;asmx</Extensions>
    </Filter>
    <Filter Include="Файлы заголовков">
      <UniqueIdentifier>{93995380-89BD-4b04-88EB-625FBE52EBFB}</UniqueIdentifier>
      <Extensions>h;hh;hpp;hxx;hm;inl;inc;ipp;xsd</Extensions>
    </Filter>
    <Filter Include="Файлы ресурсов">
      <UniqueIdentifier>{67DA6AB6-F800-4c08-8B7A-83BB121AAD01}</UniqueIdentifier>
      <Extensions>rc;ico;cur;bmp;dlg;rc2;rct;bin;rgs;gif;jpg;jpeg;jpe;resx;tiff;tif;png;wav;mfcribbon-ms</Extensions>
    </Filter>
    <Filter Include="Driver">
      <UniqueIdentifier>{58e63b8a-8975-4928-bc1b-19e3700cc5aa}</UniqueIdentifier>
    </Filter>
    <Filter Include="include">
      <UniqueIdentifier>{7fa820cc-ef37-4fab-97c3-bbcb39cee1d0}</UniqueIdentifier>
    </Filter>
  </ItemGroup>
  <ItemGroup>
    <ClCompile Include="..\main\accum.c">
      <Filter>Исходные файлы</Filter>
    </ClCompile>
    <ClCompile Include="..\main\attrib.c">
      <Filter>Исходные файлы</Filter>
    </ClCompile>
    <ClCompile Include="..\main\blend.c">
      <Filter>Исходные файлы</Filter>
    </ClCompile>
    <ClCompile Include="..\main\buffers.c">
      <Filter>Исходные файлы</Filter>
    </ClCompile>
    <ClCompile Include="..\main\clip.c">
      <Filter>Исходные файлы</Filter>
    </ClCompile>
    <ClCompile Include="..\main\colortab.c">
      <Filter>Исходные файлы</Filter>
    </ClCompile>
    <ClCompile Include="..\main\context.c">
      <Filter>Исходные файлы</Filter>
    </ClCompile>
    <ClCompile Include="..\main\convolve.c">
      <Filter>Исходные файлы</Filter>
    </ClCompile>
    <ClCompile Include="..\main\depth.c">
      <Filter>Исходные файлы</Filter>
    </ClCompile>
    <ClCompile Include="..\main\dispatch.c">
      <Filter>Исходные файлы</Filter>
    </ClCompile>
    <ClCompile Include="..\main\dlist.c">
      <Filter>Исходные файлы</Filter>
    </ClCompile>
    <ClCompile Include="..\main\drawpix.c">
      <Filter>Исходные файлы</Filter>
    </ClCompile>
    <ClCompile Include="..\main\enable.c">
      <Filter>Исходные файлы</Filter>
    </ClCompile>
    <ClCompile Include="..\main\enums.c">
      <Filter>Исходные файлы</Filter>
    </ClCompile>
    <ClCompile Include="..\main\eval.c">
      <Filter>Исходные файлы</Filter>
    </ClCompile>
    <ClCompile Include="..\main\extensions.c">
      <Filter>Исходные файлы</Filter>
    </ClCompile>
    <ClCompile Include="..\main\feedback.c">
      <Filter>Исходные файлы</Filter>
    </ClCompile>
    <ClCompile Include="..\main\fog.c">
      <Filter>Исходные файлы</Filter>
    </ClCompile>
    <ClCompile Include="..\main\get.c">
      <Filter>Исходные файлы</Filter>
    </ClCompile>
    <ClCompile Include="..\main\hash.c">
      <Filter>Исходные файлы</Filter>
    </ClCompile>
    <ClCompile Include="..\main\hint.c">
      <Filter>Исходные файлы</Filter>
    </ClCompile>
    <ClCompile Include="..\main\image.c">
      <Filter>Исходные файлы</Filter>
    </ClCompile>
    <ClCompile Include="..\main\light.c">
      <Filter>Исходные файлы</Filter>
    </ClCompile>
    <ClCompile Include="..\main\lines.c">
      <Filter>Исходные файлы</Filter>
    </ClCompile>
    <ClCompile Include="..\main\matrix.c">
      <Filter>Исходные файлы</Filter>
    </ClCompile>
    <ClCompile Include="..\main\pixel.c">
      <Filter>Исходные файлы</Filter>
    </ClCompile>
    <ClCompile Include="..\main\points.c">
      <Filter>Исходные файлы</Filter>
    </ClCompile>
    <ClCompile Include="..\main\polygon.c">
      <Filter>Исходные файлы</Filter>
    </ClCompile>
    <ClCompile Include="..\main\rastpos.c">
      <Filter>Исходные файлы</Filter>
    </ClCompile>
    <ClCompile Include="..\main\state.c">
      <Filter>Исходные файлы</Filter>
    </ClCompile>
    <ClCompile Include="..\main\stencil.c">
      <Filter>Исходные файлы</Filter>
    </ClCompile>
    <ClCompile Include="..\main\texformat.c">
      <Filter>Исходные файлы</Filter>
    </ClCompile>
    <ClCompile Include="..\main\teximage.c">
      <Filter>Исходные файлы</Filter>
    </ClCompile>
    <ClCompile Include="..\main\texobj.c">
      <Filter>Исходные файлы</Filter>
    </ClCompile>
    <ClCompile Include="..\main\texstate.c">
      <Filter>Исходные файлы</Filter>
    </ClCompile>
    <ClCompile Include="..\main\texutil.c">
      <Filter>Исходные файлы</Filter>
    </ClCompile>
    <ClCompile Include="..\main\varray.c">
      <Filter>Исходные файлы</Filter>
    </ClCompile>
    <ClCompile Include="..\drivers\osmesa\osmesa.c">
      <Filter>Driver</Filter>
    </ClCompile>
  </ItemGroup>
  <ItemGroup>
    <ClInclude Include="..\main\accum.h">
      <Filter>Файлы заголовков</Filter>
    </ClInclude>
    <ClInclude Include="..\main\attrib.h">
      <Filter>Файлы заголовков</Filter>
    </ClInclude>
    <ClInclude Include="..\main\blend.h">
      <Filter>Файлы заголовков</Filter>
    </ClInclude>
    <ClInclude Include="..\main\buffers.h">
      <Filter>Файлы заголовков</Filter>
    </ClInclude>
    <ClInclude Include="..\main\clip.h">
      <Filter>Файлы заголовков</Filter>
    </ClInclude>
    <ClInclude Include="..\main\colortab.h">
      <Filter>Файлы заголовков</Filter>
    </ClInclude>
    <ClInclude Include="..\main\config.h">
      <Filter>Файлы заголовков</Filter>
    </ClInclude>
    <ClInclude Include="..\main\context.h">
      <Filter>Файлы заголовков</Filter>
    </ClInclude>
    <ClInclude Include="..\main\dd.h">
      <Filter>Файлы заголовков</Filter>
    </ClInclude>
    <ClInclude Include="..\main\depth.h">
      <Filter>Файлы заголовков</Filter>
    </ClInclude>
    <ClInclude Include="..\main\dlist.h">
      <Filter>Файлы заголовков</Filter>
    </ClInclude>
    <ClInclude Include="..\main\drawpix.h">
      <Filter>Файлы заголовков</Filter>
    </ClInclude>
    <ClInclude Include="..\main\enable.h">
      <Filter>Файлы заголовков</Filter>
    </ClInclude>
    <ClInclude Include="..\main\enums.h">
      <Filter>Файлы заголовков</Filter>
    </ClInclude>
    <ClInclude Include="..\main\eval.h">
      <Filter>Файлы заголовков</Filter>
    </ClInclude>
    <ClInclude Include="..\main\extensions.h">
      <Filter>Файлы заголовков</Filter>
    </ClInclude>
    <ClInclude Include="..\main\feedback.h">
      <Filter>Файлы заголовков</Filter>
    </ClInclude>
    <ClInclude Include="..\main\fog.h">
      <Filter>Файлы заголовков</Filter>
    </ClInclude>
    <ClInclude Include="..\main\get.h">
      <Filter>Файлы заголовков</Filter>
    </ClInclude>
    <ClInclude Include="..\main\glheader.h">
      <Filter>Файлы заголовков</Filter>
    </ClInclude>
    <ClInclude Include="..\main\hash.h">
      <Filter>Файлы заголовков</Filter>
    </ClInclude>
    <ClInclude Include="..\main\hint.h">
      <Filter>Файлы заголовков</Filter>
    </ClInclude>
    <ClInclude Include="..\main\image.h">
      <Filter>Файлы заголовков</Filter>
    </ClInclude>
    <ClInclude Include="..\main\light.h">
      <Filter>Файлы заголовков</Filter>
    </ClInclude>
    <ClInclude Include="..\main\lines.h">
      <Filter>Файлы заголовков</Filter>
    </ClInclude>
    <ClInclude Include="..\main\macros.h">
      <Filter>Файлы заголовков</Filter>
    </ClInclude>
    <ClInclude Include="..\main\matrix.h">
      <Filter>Файлы заголовков</Filter>
    </ClInclude>
    <ClInclude Include="..\main\pixel.h">
      <Filter>Файлы заголовков</Filter>
    </ClInclude>
    <ClInclude Include="..\main\points.h">
      <Filter>Файлы заголовков</Filter>
    </ClInclude>
    <ClInclude Include="..\main\polygon.h">
      <Filter>Файлы заголовков</Filter>
    </ClInclude>
    <ClInclude Include="..\main\rastpos.h">
      <Filter>Файлы заголовков</Filter>
    </ClInclude>
    <ClInclude Include="..\main\simple_list.h">
      <Filter>Файлы заголовков</Filter>
    </ClInclude>
    <ClInclude Include="..\main\state.h">
      <Filter>Файлы заголовков</Filter>
    </ClInclude>
    <ClInclude Include="..\main\stencil.h">
      <Filter>Файлы заголовков</Filter>
    </ClInclude>
    <ClInclude Include="..\main\texformat.h">
      <Filter>Файлы заголовков</Filter>
    </ClInclude>
    <ClInclude Include="..\main\teximage.h">
      <Filter>Файлы заголовков</Filter>
    </ClInclude>
    <ClInclude Include="..\main\texobj.h">
      <Filter>Файлы заголовков</Filter>
    </ClInclude>
    <ClInclude Include="..\main\texstate.h">
      <Filter>Файлы заголовков</Filter>
    </ClInclude>
    <ClInclude Include="..\main\texutil.h">
      <Filter>Файлы заголовков</Filter>
    </ClInclude>
    <ClInclude Include="..\main\texutil_tmp.h">
      <Filter>Файлы заголовков</Filter>
    </ClInclude>
    <ClInclude Include="..\main\varray.h">
      <Filter>Файлы заголовков</Filter>
    </ClInclude>
    <ClInclude Include="..\main\types.h">
      <Filter>Файлы заголовков</Filter>
    </ClInclude>
    <ClInclude Include="..\..\..\include\GL\osmesa.h">
      <Filter>Driver</Filter>
    </ClInclude>
    <ClInclude Include="..\..\..\include\GL\gl.h">
      <Filter>include</Filter>
    </ClInclude>
    <ClInclude Include="..\..\..\include\GL\gl_mangle.h">
      <Filter>include</Filter>
    </ClInclude>
    <ClInclude Include="..\..\..\include\GL\glext.h">
      <Filter>include</Filter>
    </ClInclude>
  </ItemGroup>
</Project>