<?xml version="1.0" encoding="utf-8"?>
<Project ToolsVersion="4.0" xmlns="http://schemas.microsoft.com/developer/msbuild/2003">
  <ItemGroup>
    <Filter Include="Исходные файлы">
      <UniqueIdentifier>{4FC737F1-C7A5-4376-A066-2A32D752A2FF}</UniqueIdentifier>
      <Extensions>cpp;c;cc;cxx;def;odl;idl;hpj;bat;asm;asmx</Extensions>
    </Filter>
    <Filter Include="Файлы заголовков">
      <UniqueIdentifier>{93995380-89BD-4b04-88EB-625FBE52EBFB}</UniqueIdentifier>
      <Extensions>h;hh;hpp;hxx;hm;inl;inc;ipp;xsd</Extensions>
    </Filter>
    <Filter Include="Файлы ресурсов">
      <UniqueIdentifier>{67DA6AB6-F800-4c08-8B7A-83BB121AAD01}</UniqueIdentifier>
      <Extensions>rc;ico;cur;bmp;dlg;rc2;rct;bin;rgs;gif;jpg;jpeg;jpe;resx;tiff;tif;png;wav;mfcribbon-ms</Extensions>
    </Filter>
  </ItemGroup>
  <ItemGroup>
    <ClCompile Include="..\main\accum.c">
      <Filter>Исходные файлы</Filter>
    </ClCompile>
    <ClCompile Include="..\main\api_arrayelt.c">
      <Filter>Исходные файлы</Filter>
    </ClCompile>
    <ClCompile Include="..\main\api_eval.c">
      <Filter>Исходные файлы</Filter>
    </ClCompile>
    <ClCompile Include="..\main\api_loopback.c">
      <Filter>Исходные файлы</Filter>
    </ClCompile>
    <ClCompile Include="..\main\api_noop.c">
      <Filter>Исходные файлы</Filter>
    </ClCompile>
    <ClCompile Include="..\main\api_validate.c">
      <Filter>Исходные файлы</Filter>
    </ClCompile>
    <ClCompile Include="..\main\attrib.c">
      <Filter>Исходные файлы</Filter>
    </ClCompile>
    <ClCompile Include="..\main\blend.c">
      <Filter>Исходные файлы</Filter>
    </ClCompile>
    <ClCompile Include="..\main\buffers.c">
      <Filter>Исходные файлы</Filter>
    </ClCompile>
    <ClCompile Include="..\main\clip.c">
      <Filter>Исходные файлы</Filter>
    </ClCompile>
    <ClCompile Include="..\main\colortab.c">
      <Filter>Исходные файлы</Filter>
    </ClCompile>
    <ClCompile Include="..\main\context.c">
      <Filter>Исходные файлы</Filter>
    </ClCompile>
    <ClCompile Include="..\main\convolve.c">
      <Filter>Исходные файлы</Filter>
    </ClCompile>
    <ClCompile Include="..\main\debug.c">
      <Filter>Исходные файлы</Filter>
    </ClCompile>
    <ClCompile Include="..\main\depth.c">
      <Filter>Исходные файлы</Filter>
    </ClCompile>
    <ClCompile Include="..\main\dispatch.c">
      <Filter>Исходные файлы</Filter>
    </ClCompile>
    <ClCompile Include="..\main\dlist.c">
      <Filter>Исходные файлы</Filter>
    </ClCompile>
    <ClCompile Include="..\main\drawpix.c">
      <Filter>Исходные файлы</Filter>
    </ClCompile>
    <ClCompile Include="..\main\enable.c">
      <Filter>Исходные файлы</Filter>
    </ClCompile>
    <ClCompile Include="..\main\enums.c">
      <Filter>Исходные файлы</Filter>
    </ClCompile>
    <ClCompile Include="..\main\eval.c">
      <Filter>Исходные файлы</Filter>
    </ClCompile>
    <ClCompile Include="..\main\extensions.c">
      <Filter>Исходные файлы</Filter>
    </ClCompile>
    <ClCompile Include="..\main\feedback.c">
      <Filter>Исходные файлы</Filter>
    </ClCompile>
    <ClCompile Include="..\main\fog.c">
      <Filter>Исходные файлы</Filter>
    </ClCompile>
    <ClCompile Include="..\main\get.c">
      <Filter>Исходные файлы</Filter>
    </ClCompile>
    <ClCompile Include="..\main\hash.c">
      <Filter>Исходные файлы</Filter>
    </ClCompile>
    <ClCompile Include="..\main\hint.c">
      <Filter>Исходные файлы</Filter>
    </ClCompile>
    <ClCompile Include="..\main\histogram.c">
      <Filter>Исходные файлы</Filter>
    </ClCompile>
    <ClCompile Include="..\main\image.c">
      <Filter>Исходные файлы</Filter>
    </ClCompile>
    <ClCompile Include="..\main\imports.c">
      <Filter>Исходные файлы</Filter>
    </ClCompile>
    <ClCompile Include="..\main\light.c">
      <Filter>Исходные файлы</Filter>
    </ClCompile>
    <ClCompile Include="..\main\lines.c">
      <Filter>Исходные файлы</Filter>
    </ClCompile>
    <ClCompile Include="..\main\matrix.c">
      <Filter>Исходные файлы</Filter>
    </ClCompile>
    <ClCompile Include="..\main\pixel.c">
      <Filter>Исходные файлы</Filter>
    </ClCompile>
    <ClCompile Include="..\main\points.c">
      <Filter>Исходные файлы</Filter>
    </ClCompile>
    <ClCompile Include="..\main\polygon.c">
      <Filter>Исходные файлы</Filter>
    </ClCompile>
    <ClCompile Include="..\main\rastpos.c">
      <Filter>Исходные файлы</Filter>
    </ClCompile>
    <ClCompile Include="..\main\state.c">
      <Filter>Исходные файлы</Filter>
    </ClCompile>
    <ClCompile Include="..\main\stencil.c">
      <Filter>Исходные файлы</Filter>
    </ClCompile>
    <ClCompile Include="..\main\texcompress.c">
      <Filter>Исходные файлы</Filter>
    </ClCompile>
    <ClCompile Include="..\main\texformat.c">
      <Filter>Исходные файлы</Filter>
    </ClCompile>
    <ClCompile Include="..\main\teximage.c">
      <Filter>Исходные файлы</Filter>
    </ClCompile>
    <ClCompile Include="..\main\texobj.c">
      <Filter>Исходные файлы</Filter>
    </ClCompile>
    <ClCompile Include="..\main\texstate.c">
      <Filter>Исходные файлы</Filter>
    </ClCompile>
    <ClCompile Include="..\main\texstore.c">
      <Filter>Исходные файлы</Filter>
    </ClCompile>
    <ClCompile Include="..\main\texutil.c">
      <Filter>Исходные файлы</Filter>
    </ClCompile>
    <ClCompile Include="..\main\varray.c">
      <Filter>Исходные файлы</Filter>
    </ClCompile>
    <ClCompile Include="..\main\vsnprintf.c">
      <Filter>Исходные файлы</Filter>
    </ClCompile>
    <ClCompile Include="..\main\vtxfmt.c">
      <Filter>Исходные файлы</Filter>
    </ClCompile>
    <ClCompile Include="..\math\m_debug_clip.c">
      <Filter>Исходные файлы</Filter>
    </ClCompile>
    <ClCompile Include="..\math\m_debug_norm.c">
      <Filter>Исходные файлы</Filter>
    </ClCompile>
    <ClCompile Include="..\math\m_debug_xform.c">
      <Filter>Исходные файлы</Filter>
    </ClCompile>
    <ClCompile Include="..\math\m_eval.c">
      <Filter>Исходные файлы</Filter>
    </ClCompile>
    <ClCompile Include="..\math\m_matrix.c">
      <Filter>Исходные файлы</Filter>
    </ClCompile>
    <ClCompile Include="..\math\m_translate.c">
      <Filter>Исходные файлы</Filter>
    </ClCompile>
    <ClCompile Include="..\math\m_vector.c">
      <Filter>Исходные файлы</Filter>
    </ClCompile>
    <ClCompile Include="..\math\m_xform.c">
      <Filter>Исходные файлы</Filter>
    </ClCompile>
    <ClCompile Include="..\drivers\osmesa\osmesa.c">
      <Filter>Исходные файлы</Filter>
    </ClCompile>
    <ClCompile Include="..\tnl\t_array_api.c">
      <Filter>Исходные файлы</Filter>
    </ClCompile>
    <ClCompile Include="..\tnl\t_array_import.c">
      <Filter>Исходные файлы</Filter>
    </ClCompile>
    <ClCompile Include="..\tnl\t_context.c">
      <Filter>Исходные файлы</Filter>
    </ClCompile>
    <ClCompile Include="..\tnl\t_eval_api.c">
      <Filter>Исходные файлы</Filter>
    </ClCompile>
    <ClCompile Include="..\tnl\t_imm_alloc.c">
      <Filter>Исходные файлы</Filter>
    </ClCompile>
    <ClCompile Include="..\tnl\t_imm_api.c">
      <Filter>Исходные файлы</Filter>
    </ClCompile>
    <ClCompile Include="..\tnl\t_imm_debug.c">
      <Filter>Исходные файлы</Filter>
    </ClCompile>
    <ClCompile Include="..\tnl\t_imm_dlist.c">
      <Filter>Исходные файлы</Filter>
    </ClCompile>
    <ClCompile Include="..\tnl\t_imm_elt.c">
      <Filter>Исходные файлы</Filter>
    </ClCompile>
    <ClCompile Include="..\tnl\t_imm_eval.c">
      <Filter>Исходные файлы</Filter>
    </ClCompile>
    <ClCompile Include="..\tnl\t_imm_exec.c">
      <Filter>Исходные файлы</Filter>
    </ClCompile>
    <ClCompile Include="..\tnl\t_imm_fixup.c">
      <Filter>Исходные файлы</Filter>
    </ClCompile>
    <ClCompile Include="..\tnl\t_pipeline.c">
      <Filter>Исходные файлы</Filter>
    </ClCompile>
    <ClCompile Include="..\tnl\t_vb_fog.c">
      <Filter>Исходные файлы</Filter>
    </ClCompile>
    <ClCompile Include="..\tnl\t_vb_light.c">
      <Filter>Исходные файлы</Filter>
    </ClCompile>
    <ClCompile Include="..\tnl\t_vb_normals.c">
      <Filter>Исходные файлы</Filter>
    </ClCompile>
    <ClCompile Include="..\tnl\t_vb_points.c">
      <Filter>Исходные файлы</Filter>
    </ClCompile>
    <ClCompile Include="..\tnl\t_vb_program.c">
      <Filter>Исходные файлы</Filter>
    </ClCompile>
    <ClCompile Include="..\tnl\t_vb_render.c">
      <Filter>Исходные файлы</Filter>
    </ClCompile>
    <ClCompile Include="..\tnl\t_vb_texgen.c">
      <Filter>Исходные файлы</Filter>
    </ClCompile>
    <ClCompile Include="..\tnl\t_vb_texmat.c">
      <Filter>Исходные файлы</Filter>
    </ClCompile>
    <ClCompile Include="..\tnl\t_vb_vertex.c">
      <Filter>Исходные файлы</Filter>
    </ClCompile>
    <ClCompile Include="..\tnl\t_vtx_api.c">
      <Filter>Исходные файлы</Filter>
    </ClCompile>
    <ClCompile Include="..\tnl\t_vtx_exec.c">
      <Filter>Исходные файлы</Filter>
    </ClCompile>
    <ClCompile Include="..\tnl\t_vtx_sse.c">
      <Filter>Исходные файлы</Filter>
    </ClCompile>
    <ClCompile Include="..\tnl\t_vtx_x86.c">
      <Filter>Исходные файлы</Filter>
    </ClCompile>
    <ClCompile Include="..\glapi\glapi.c">
      <Filter>Исходные файлы</Filter>
    </ClCompile>
    <ClCompile Include="..\glapi\glthread.c">
      <Filter>Исходные файлы</Filter>
    </ClCompile>
    <ClCompile Include="..\array_cache\ac_context.c">
      <Filter>Исходные файлы</Filter>
    </ClCompile>
    <ClCompile Include="..\array_cache\ac_import.c">
      <Filter>Исходные файлы</Filter>
    </ClCompile>
  </ItemGroup>
  <ItemGroup>
    <ClInclude Include="..\main\accum.h">
      <Filter>Файлы заголовков</Filter>
    </ClInclude>
    <ClInclude Include="..\main\api_arrayelt.h">
      <Filter>Файлы заголовков</Filter>
    </ClInclude>
    <ClInclude Include="..\main\api_eval.h">
      <Filter>Файлы заголовков</Filter>
    </ClInclude>
    <ClInclude Include="..\main\api_loopback.h">
      <Filter>Файлы заголовков</Filter>
    </ClInclude>
    <ClInclude Include="..\main\api_noop.h">
      <Filter>Файлы заголовков</Filter>
    </ClInclude>
    <ClInclude Include="..\main\api_validate.h">
      <Filter>Файлы заголовков</Filter>
    </ClInclude>
    <ClInclude Include="..\main\attrib.h">
      <Filter>Файлы заголовков</Filter>
    </ClInclude>
    <ClInclude Include="..\main\blend.h">
      <Filter>Файлы заголовков</Filter>
    </ClInclude>
    <ClInclude Include="..\main\buffers.h">
      <Filter>Файлы заголовков</Filter>
    </ClInclude>
    <ClInclude Include="..\main\clip.h">
      <Filter>Файлы заголовков</Filter>
    </ClInclude>
    <ClInclude Include="..\main\colormac.h">
      <Filter>Файлы заголовков</Filter>
    </ClInclude>
    <ClInclude Include="..\main\colortab.h">
      <Filter>Файлы заголовков</Filter>
    </ClInclude>
    <ClInclude Include="..\main\config.h">
      <Filter>Файлы заголовков</Filter>
    </ClInclude>
    <ClInclude Include="..\main\context.h">
      <Filter>Файлы заголовков</Filter>
    </ClInclude>
    <ClInclude Include="..\main\convolve.h">
      <Filter>Файлы заголовков</Filter>
    </ClInclude>
    <ClInclude Include="..\main\dd.h">
      <Filter>Файлы заголовков</Filter>
    </ClInclude>
    <ClInclude Include="..\main\debug.h">
      <Filter>Файлы заголовков</Filter>
    </ClInclude>
    <ClInclude Include="..\main\depth.h">
      <Filter>Файлы заголовков</Filter>
    </ClInclude>
    <ClInclude Include="..\main\dlist.h">
      <Filter>Файлы заголовков</Filter>
    </ClInclude>
    <ClInclude Include="..\main\drawpix.h">
      <Filter>Файлы заголовков</Filter>
    </ClInclude>
    <ClInclude Include="..\main\enable.h">
      <Filter>Файлы заголовков</Filter>
    </ClInclude>
    <ClInclude Include="..\main\enums.h">
      <Filter>Файлы заголовков</Filter>
    </ClInclude>
    <ClInclude Include="..\main\eval.h">
      <Filter>Файлы заголовков</Filter>
    </ClInclude>
    <ClInclude Include="..\main\extensions.h">
      <Filter>Файлы заголовков</Filter>
    </ClInclude>
    <ClInclude Include="..\main\feedback.h">
      <Filter>Файлы заголовков</Filter>
    </ClInclude>
    <ClInclude Include="..\main\fog.h">
      <Filter>Файлы заголовков</Filter>
    </ClInclude>
    <ClInclude Include="..\main\get.h">
      <Filter>Файлы заголовков</Filter>
    </ClInclude>
    <ClInclude Include="..\main\glheader.h">
      <Filter>Файлы заголовков</Filter>
    </ClInclude>
    <ClInclude Include="..\main\glprocs.h">
      <Filter>Файлы заголовков</Filter>
    </ClInclude>
    <ClInclude Include="..\main\hash.h">
      <Filter>Файлы заголовков</Filter>
    </ClInclude>
    <ClInclude Include="..\main\hint.h">
      <Filter>Файлы заголовков</Filter>
    </ClInclude>
    <ClInclude Include="..\main\histogram.h">
      <Filter>Файлы заголовков</Filter>
    </ClInclude>
    <ClInclude Include="..\main\image.h">
      <Filter>Файлы заголовков</Filter>
    </ClInclude>
    <ClInclude Include="..\main\imports.h">
      <Filter>Файлы заголовков</Filter>
    </ClInclude>
    <ClInclude Include="..\main\light.h">
      <Filter>Файлы заголовков</Filter>
    </ClInclude>
    <ClInclude Include="..\main\lines.h">
      <Filter>Файлы заголовков</Filter>
    </ClInclude>
    <ClInclude Include="..\main\macros.h">
      <Filter>Файлы заголовков</Filter>
    </ClInclude>
    <ClInclude Include="..\main\matrix.h">
      <Filter>Файлы заголовков</Filter>
    </ClInclude>
    <ClInclude Include="..\main\mtypes.h">
      <Filter>Файлы заголовков</Filter>
    </ClInclude>
    <ClInclude Include="..\main\pixel.h">
      <Filter>Файлы заголовков</Filter>
    </ClInclude>
    <ClInclude Include="..\main\points.h">
      <Filter>Файлы заголовков</Filter>
    </ClInclude>
    <ClInclude Include="..\main\polygon.h">
      <Filter>Файлы заголовков</Filter>
    </ClInclude>
    <ClInclude Include="..\main\rastpos.h">
      <Filter>Файлы заголовков</Filter>
    </ClInclude>
    <ClInclude Include="..\main\simple_list.h">
      <Filter>Файлы заголовков</Filter>
    </ClInclude>
    <ClInclude Include="..\main\state.h">
      <Filter>Файлы заголовков</Filter>
    </ClInclude>
    <ClInclude Include="..\main\stencil.h">
      <Filter>Файлы заголовков</Filter>
    </ClInclude>
    <ClInclude Include="..\main\texcompress.h">
      <Filter>Файлы заголовков</Filter>
    </ClInclude>
    <ClInclude Include="..\main\texformat.h">
      <Filter>Файлы заголовков</Filter>
    </ClInclude>
    <ClInclude Include="..\main\texformat_tmp.h">
      <Filter>Файлы заголовков</Filter>
    </ClInclude>
    <ClInclude Include="..\main\teximage.h">
      <Filter>Файлы заголовков</Filter>
    </ClInclude>
    <ClInclude Include="..\main\texobj.h">
      <Filter>Файлы заголовков</Filter>
    </ClInclude>
    <ClInclude Include="..\main\texstate.h">
      <Filter>Файлы заголовков</Filter>
    </ClInclude>
    <ClInclude Include="..\main\texstore.h">
      <Filter>Файлы заголовков</Filter>
    </ClInclude>
    <ClInclude Include="..\main\texutil.h">
      <Filter>Файлы заголовков</Filter>
    </ClInclude>
    <ClInclude Include="..\main\texutil_tmp.h">
      <Filter>Файлы заголовков</Filter>
    </ClInclude>
    <ClInclude Include="..\main\varray.h">
      <Filter>Файлы заголовков</Filter>
    </ClInclude>
    <ClInclude Include="..\main\vtxfmt.h">
      <Filter>Файлы заголовков</Filter>
    </ClInclude>
    <ClInclude Include="..\main\vtxfmt_tmp.h">
      <Filter>Файлы заголовков</Filter>
    </ClInclude>
    <ClInclude Include="..\math\m_clip_tmp.h">
      <Filter>Файлы заголовков</Filter>
    </ClInclude>
    <ClInclude Include="..\math\m_copy_tmp.h">
      <Filter>Файлы заголовков</Filter>
    </ClInclude>
    <ClInclude Include="..\math\m_debug.h">
      <Filter>Файлы заголовков</Filter>
    </ClInclude>
    <ClInclude Include="..\math\m_debug_util.h">
      <Filter>Файлы заголовков</Filter>
    </ClInclude>
    <ClInclude Include="..\math\m_dotprod_tmp.h">
      <Filter>Файлы заголовков</Filter>
    </ClInclude>
    <ClInclude Include="..\math\m_eval.h">
      <Filter>Файлы заголовков</Filter>
    </ClInclude>
    <ClInclude Include="..\math\m_matrix.h">
      <Filter>Файлы заголовков</Filter>
    </ClInclude>
    <ClInclude Include="..\math\m_norm_tmp.h">
      <Filter>Файлы заголовков</Filter>
    </ClInclude>
    <ClInclude Include="..\math\m_trans_tmp.h">
      <Filter>Файлы заголовков</Filter>
    </ClInclude>
    <ClInclude Include="..\math\m_translate.h">
      <Filter>Файлы заголовков</Filter>
    </ClInclude>
    <ClInclude Include="..\math\m_vector.h">
      <Filter>Файлы заголовков</Filter>
    </ClInclude>
    <ClInclude Include="..\math\m_xform.h">
      <Filter>Файлы заголовков</Filter>
    </ClInclude>
    <ClInclude Include="..\math\m_xform_tmp.h">
      <Filter>Файлы заголовков</Filter>
    </ClInclude>
    <ClInclude Include="..\math\mathmod.h">
      <Filter>Файлы заголовков</Filter>
    </ClInclude>
    <ClInclude Include="..\tnl\t_array_api.h">
      <Filter>Файлы заголовков</Filter>
    </ClInclude>
    <ClInclude Include="..\tnl\t_array_import.h">
      <Filter>Файлы заголовков</Filter>
    </ClInclude>
    <ClInclude Include="..\tnl\t_context.h">
      <Filter>Файлы заголовков</Filter>
    </ClInclude>
    <ClInclude Include="..\tnl\t_eval_api.h">
      <Filter>Файлы заголовков</Filter>
    </ClInclude>
    <ClInclude Include="..\tnl\t_imm_alloc.h">
      <Filter>Файлы заголовков</Filter>
    </ClInclude>
    <ClInclude Include="..\tnl\t_imm_api.h">
      <Filter>Файлы заголовков</Filter>
    </ClInclude>
    <ClInclude Include="..\tnl\t_imm_debug.h">
      <Filter>Файлы заголовков</Filter>
    </ClInclude>
    <ClInclude Include="..\tnl\t_imm_dlist.h">
      <Filter>Файлы заголовков</Filter>
    </ClInclude>
    <ClInclude Include="..\tnl\t_imm_elt.h">
      <Filter>Файлы заголовков</Filter>
    </ClInclude>
    <ClInclude Include="..\tnl\t_imm_eval.h">
      <Filter>Файлы заголовков</Filter>
    </ClInclude>
    <ClInclude Include="..\tnl\t_imm_exec.h">
      <Filter>Файлы заголовков</Filter>
    </ClInclude>
    <ClInclude Include="..\tnl\t_imm_fixup.h">
      <Filter>Файлы заголовков</Filter>
    </ClInclude>
    <ClInclude Include="..\tnl\t_pipeline.h">
      <Filter>Файлы заголовков</Filter>
    </ClInclude>
    <ClInclude Include="..\tnl\t_vb_cliptmp.h">
      <Filter>Файлы заголовков</Filter>
    </ClInclude>
    <ClInclude Include="..\tnl\t_vb_lighttmp.h">
      <Filter>Файлы заголовков</Filter>
    </ClInclude>
    <ClInclude Include="..\tnl\t_vb_rendertmp.h">
      <Filter>Файлы заголовков</Filter>
    </ClInclude>
    <ClInclude Include="..\tnl\t_vtx_api.h">
      <Filter>Файлы заголовков</Filter>
    </ClInclude>
    <ClInclude Include="..\tnl\tnl.h">
      <Filter>Файлы заголовков</Filter>
    </ClInclude>
    <ClInclude Include="..\glapi\glapi.h">
      <Filter>Файлы заголовков</Filter>
    </ClInclude>
    <ClInclude Include="..\glapi\glapioffsets.h">
      <Filter>Файлы заголовков</Filter>
    </ClInclude>
    <ClInclude Include="..\glapi\glapitable.h">
      <Filter>Файлы заголовков</Filter>
    </ClInclude>
    <ClInclude Include="..\glapi\glapitemp.h">
      <Filter>Файлы заголовков</Filter>
    </ClInclude>
    <ClInclude Include="..\glapi\glthread.h">
      <Filter>Файлы заголовков</Filter>
    </ClInclude>
    <ClInclude Include="..\array_cache\ac_context.h">
      <Filter>Файлы заголовков</Filter>
    </ClInclude>
    <ClInclude Include="..\array_cache\acache.h">
      <Filter>Файлы заголовков</Filter>
    </ClInclude>
  </ItemGroup>
</Project>